
Microsoft Visual Studio Solution File, Format Version 12.00
# Visual Studio Version 17
VisualStudioVersion = 17.11.35431.28
MinimumVisualStudioVersion = 10.0.40219.1
Project("{9A19103F-16F7-4668-BE54-9A1E7A4F7556}") = "Bookify.Domain", "Domain\Bookify.Domain.csproj", "{FD66F142-0CF5-4B23-ADB0-9549331C366E}"
EndProject
Global
	GlobalSection(SolutionConfigurationPlatforms) = preSolution
		Debug|Any CPU = Debug|Any CPU
		Release|Any CPU = Release|Any CPU
	EndGlobalSection
	GlobalSection(ProjectConfigurationPlatforms) = postSolution
		{FD66F142-0CF5-4B23-ADB0-9549331C366E}.Debug|Any CPU.ActiveCfg = Debug|Any CPU
		{FD66F142-0CF5-4B23-ADB0-9549331C366E}.Debug|Any CPU.Build.0 = Debug|Any CPU
		{FD66F142-0CF5-4B23-ADB0-9549331C366E}.Release|Any CPU.ActiveCfg = Release|Any CPU
		{FD66F142-0CF5-4B23-ADB0-9549331C366E}.Release|Any CPU.Build.0 = Release|Any CPU
	EndGlobalSection
	GlobalSection(SolutionProperties) = preSolution
		HideSolutionNode = FALSE
	EndGlobalSection
	GlobalSection(ExtensibilityGlobals) = postSolution
		SolutionGuid = {A03AB082-FCAB-4E9C-B3A3-CC691B5DE287}
	EndGlobalSection
EndGlobal
